Microsoft Visual Studio Solution File, Format Version 12.00
# Visual Studio Version 17
VisualStudioVersion = 17.5.2.0
MinimumVisualStudioVersion = 10.0.40219.1
Project("{2150E333-8FDC-42A3-9474-1A3956D46DE8}") = "Backend", "Backend", "{1AE8ACA6-933B-BF2A-3671-3E2EAC007D16}"
EndProject
Project("{FAE04EC0-301F-11D3-BF4B-00C04F79EFBC}") = "FoodSupplyChainAPI", "Backend\FoodSupplyChainAPI.csproj", "{1406D49B-419C-B23C-2D29-144DD6DA9D9F}"
EndProject
Global
	GlobalSection(SolutionConfigurationPlatforms) = preSolution
		Debug|Any CPU = Debug|Any CPU
		Release|Any CPU = Release|Any CPU
	EndGlobalSection
	GlobalSection(ProjectConfigurationPlatforms) = postSolution
		{1406D49B-419C-B23C-2D29-144DD6DA9D9F}.Debug|Any CPU.ActiveCfg = Debug|Any CPU
		{1406D49B-419C-B23C-2D29-144DD6DA9D9F}.Debug|Any CPU.Build.0 = Debug|Any CPU
		{1406D49B-419C-B23C-2D29-144DD6DA9D9F}.Release|Any CPU.ActiveCfg = Release|Any CPU
		{1406D49B-419C-B23C-2D29-144DD6DA9D9F}.Release|Any CPU.Build.0 = Release|Any CPU
	EndGlobalSection
	GlobalSection(SolutionProperties) = preSolution
		HideSolutionNode = FALSE
	EndGlobalSection
	GlobalSection(NestedProjects) = preSolution
		{1406D49B-419C-B23C-2D29-144DD6DA9D9F} = {1AE8ACA6-933B-BF2A-3671-3E2EAC007D16}
	EndGlobalSection
	GlobalSection(ExtensibilityGlobals) = postSolution
		SolutionGuid = {A314148A-DAE9-41CD-8F9E-A7CC4DB6FB65}
	EndGlobalSection
EndGlobal
